PODS:
  - Hue (5.0.0)
  - SnapKit (5.6.0)

DEPENDENCIES:
  - Hue
  - SnapKit

SPEC REPOS:
  trunk:
    - Hue
    - SnapKit

SPEC CHECKSUMS:
  Hue: c129cb67be7d093a82bbbc30ce8a96757bf6f37a
  SnapKit: e01d52ebb8ddbc333eefe2132acf85c8227d9c25

PODFILE CHECKSUM: d2d6e7032c95c480055769f39b310a2b0747988e

COCOAPODS: 1.12.0
