// !$*UTF8*$!
{
	archiveVersion = 1;
	classes = {
	};
	objectVersion = 50;
	objects = {

/* Begin PBXBuildFile section */
		7458D9D827440F9600140F57 /* LogListViewController.swift in Sources */ = {isa = PBXBuildFile; fileRef = 7458D9D727440F9600140F57 /* LogListViewController.swift */; };
		7458D9DA27440FA400140F57 /* LogListView.swift in Sources */ = {isa = PBXBuildFile; fileRef = 7458D9D927440FA400140F57 /* LogListView.swift */; };
		7458D9DC2744100900140F57 /* LogListPresenter.swift in Sources */ = {isa = PBXBuildFile; fileRef = 7458D9DB2744100900140F57 /* LogListPresenter.swift */; };
		7458D9E1274411DB00140F57 /* BaseView.swift in Sources */ = {isa = PBXBuildFile; fileRef = 7458D9E0274411DB00140F57 /* BaseView.swift */; };
		7458D9E42744121D00140F57 /* Customization.swift in Sources */ = {isa = PBXBuildFile; fileRef = 7458D9E32744121D00140F57 /* Customization.swift */; };
		7458D9E72744141400140F57 /* LogKindCollectionViewCell.swift in Sources */ = {isa = PBXBuildFile; fileRef = 7458D9E62744141400140F57 /* LogKindCollectionViewCell.swift */; };
		7479080B27418EDE0071DE0F /* SkyStringHandler.swift in Sources */ = {isa = PBXBuildFile; fileRef = 7479080A27418EDE0071DE0F /* SkyStringHandler.swift */; };
		74C0E33F2745891B00F54583 /* UIFont + Extension.swift in Sources */ = {isa = PBXBuildFile; fileRef = 74C0E33E2745891B00F54583 /* UIFont + Extension.swift */; };
		74C0E342274589D500F54583 /* String + Extension.swift in Sources */ = {isa = PBXBuildFile; fileRef = 74C0E341274589D500F54583 /* String + Extension.swift */; };
		74C0E34427458E7E00F54583 /* Collection + Extension.swift in Sources */ = {isa = PBXBuildFile; fileRef = 74C0E34327458E7E00F54583 /* Collection + Extension.swift */; };
		74C0E3612745960800F54583 /* UIView + Extension.swift in Sources */ = {isa = PBXBuildFile; fileRef = 74C0E3602745960800F54583 /* UIView + Extension.swift */; };
		74C0E3652745A19800F54583 /* LogTableViewCell.swift in Sources */ = {isa = PBXBuildFile; fileRef = 74C0E3642745A19800F54583 /* LogTableViewCell.swift */; };
		74C0E36F2745A3AF00F54583 /* UIColor + Extension.swift in Sources */ = {isa = PBXBuildFile; fileRef = 74C0E36E2745A3AF00F54583 /* UIColor + Extension.swift */; };
		74CB1D342739BFA100EBD2A4 /* FileManager.swift in Sources */ = {isa = PBXBuildFile; fileRef = 74CB1D332739BFA100EBD2A4 /* FileManager.swift */; };
		74EE13F627454EF8009030E1 /* ResponseData.swift in Sources */ = {isa = PBXBuildFile; fileRef = 74EE13F527454EF8009030E1 /* ResponseData.swift */; };
		74F22642273983F400A08532 /* Log.swift in Sources */ = {isa = PBXBuildFile; fileRef = 74F22641273983F400A08532 /* Log.swift */; };
		74F50ECC27383B930093E44F /* Logger.swift in Sources */ = {isa = PBXBuildFile; fileRef = 74F50ECB27383B930093E44F /* Logger.swift */; };
		74F50ECE27383BB60093E44F /* UIDevice + Extension.swift in Sources */ = {isa = PBXBuildFile; fileRef = 74F50ECD27383BB60093E44F /* UIDevice + Extension.swift */; };
		74F50ED027383BFE0093E44F /* Device.swift in Sources */ = {isa = PBXBuildFile; fileRef = 74F50ECF27383BFE0093E44F /* Device.swift */; };
		A883A7E89D6601B0BF68F464 /* Pods_SkyLogger.framework in Frameworks */ = {isa = PBXBuildFile; fileRef = F1B304CE6F72C40385184C83 /* Pods_SkyLogger.framework */; };
		C7DB5B8D28C749AB003ADFBE /* LogDetailViewController.swift in Sources */ = {isa = PBXBuildFile; fileRef = C7DB5B8B28C749AB003ADFBE /* LogDetailViewController.swift */; };
		C7DB5B8E28C749AB003ADFBE /* LogDetailView.swift in Sources */ = {isa = PBXBuildFile; fileRef = C7DB5B8C28C749AB003ADFBE /* LogDetailView.swift */; };
		C7DB5B9028C74DF6003ADFBE /* UILabel + Extension.swift in Sources */ = {isa = PBXBuildFile; fileRef = C7DB5B8F28C74DF6003ADFBE /* UILabel + Extension.swift */; };
		C7FC7A9528C7550F00C00F15 /* UINavigationBar + Extension.swift in Sources */ = {isa = PBXBuildFile; fileRef = C7FC7A9428C7550F00C00F15 /* UINavigationBar + Extension.swift */; };
		C7FC7A9928C75B9C00C00F15 /* ThreadSafeArray.swift in Sources */ = {isa = PBXBuildFile; fileRef = C7FC7A9828C75B9C00C00F15 /* ThreadSafeArray.swift */; };
		C7FC7AC628C76C0900C00F15 /* AppDelegate.swift in Sources */ = {isa = PBXBuildFile; fileRef = C7FC7AC528C76C0900C00F15 /* AppDelegate.swift */; };
		C7FC7ACA28C76C0900C00F15 /* ViewController.swift in Sources */ = {isa = PBXBuildFile; fileRef = C7FC7AC928C76C0900C00F15 /* ViewController.swift */; };
		C7FC7ACD28C76C0900C00F15 /* Main.storyboard in Resources */ = {isa = PBXBuildFile; fileRef = C7FC7ACB28C76C0900C00F15 /* Main.storyboard */; };
		C7FC7ACF28C76C0900C00F15 /* Assets.xcassets in Resources */ = {isa = PBXBuildFile; fileRef = C7FC7ACE28C76C0900C00F15 /* Assets.xcassets */; };
		C7FC7AD228C76C0900C00F15 /* LaunchScreen.storyboard in Resources */ = {isa = PBXBuildFile; fileRef = C7FC7AD028C76C0900C00F15 /* LaunchScreen.storyboard */; };
/* End PBXBuildFile section */

/* Begin PBXFileReference section */
		448EAA7612CC455D2C06801D /* Pods-SkyLogger.debug.xcconfig */ = {isa = PBXFileReference; includeInIndex = 1; lastKnownFileType = text.xcconfig; name = "Pods-SkyLogger.debug.xcconfig"; path = "Target Support Files/Pods-SkyLogger/Pods-SkyLogger.debug.xcconfig"; sourceTree = "<group>"; };
		7458D9D727440F9600140F57 /* LogListViewController.swift */ = {isa = PBXFileReference; lastKnownFileType = sourcecode.swift; path = LogListViewController.swift; sourceTree = "<group>"; };
		7458D9D927440FA400140F57 /* LogListView.swift */ = {isa = PBXFileReference; lastKnownFileType = sourcecode.swift; path = LogListView.swift; sourceTree = "<group>"; };
		7458D9DB2744100900140F57 /* LogListPresenter.swift */ = {isa = PBXFileReference; lastKnownFileType = sourcecode.swift; path = LogListPresenter.swift; sourceTree = "<group>"; };
		7458D9E0274411DB00140F57 /* BaseView.swift */ = {isa = PBXFileReference; lastKnownFileType = sourcecode.swift; path = BaseView.swift; sourceTree = "<group>"; };
		7458D9E32744121D00140F57 /* Customization.swift */ = {isa = PBXFileReference; lastKnownFileType = sourcecode.swift; path = Customization.swift; sourceTree = "<group>"; };
		7458D9E62744141400140F57 /* LogKindCollectionViewCell.swift */ = {isa = PBXFileReference; lastKnownFileType = sourcecode.swift; path = LogKindCollectionViewCell.swift; sourceTree = "<group>"; };
		7479080A27418EDE0071DE0F /* SkyStringHandler.swift */ = {isa = PBXFileReference; lastKnownFileType = sourcecode.swift; path = SkyStringHandler.swift; sourceTree = "<group>"; };
		74C0E33E2745891B00F54583 /* UIFont + Extension.swift */ = {isa = PBXFileReference; lastKnownFileType = sourcecode.swift; path = "UIFont + Extension.swift"; sourceTree = "<group>"; };
		74C0E341274589D500F54583 /* String + Extension.swift */ = {isa = PBXFileReference; lastKnownFileType = sourcecode.swift; path = "String + Extension.swift"; sourceTree = "<group>"; };
		74C0E34327458E7E00F54583 /* Collection + Extension.swift */ = {isa = PBXFileReference; lastKnownFileType = sourcecode.swift; path = "Collection + Extension.swift"; sourceTree = "<group>"; };
		74C0E3602745960800F54583 /* UIView + Extension.swift */ = {isa = PBXFileReference; lastKnownFileType = sourcecode.swift; path = "UIView + Extension.swift"; sourceTree = "<group>"; };
		74C0E3642745A19800F54583 /* LogTableViewCell.swift */ = {isa = PBXFileReference; lastKnownFileType = sourcecode.swift; path = LogTableViewCell.swift; sourceTree = "<group>"; };
		74C0E36E2745A3AF00F54583 /* UIColor + Extension.swift */ = {isa = PBXFileReference; lastKnownFileType = sourcecode.swift; path = "UIColor + Extension.swift"; sourceTree = "<group>"; };
		74CB1D332739BFA100EBD2A4 /* FileManager.swift */ = {isa = PBXFileReference; lastKnownFileType = sourcecode.swift; path = FileManager.swift; sourceTree = "<group>"; };
		74EE13F527454EF8009030E1 /* ResponseData.swift */ = {isa = PBXFileReference; lastKnownFileType = sourcecode.swift; path = ResponseData.swift; sourceTree = "<group>"; };
		74F22641273983F400A08532 /* Log.swift */ = {isa = PBXFileReference; lastKnownFileType = sourcecode.swift; path = Log.swift; sourceTree = "<group>"; };
		74F50EBE273824520093E44F /* SkyLogger.framework */ = {isa = PBXFileReference; explicitFileType = wrapper.framework; includeInIndex = 0; path = SkyLogger.framework; sourceTree = BUILT_PRODUCTS_DIR; };
		74F50ECB27383B930093E44F /* Logger.swift */ = {isa = PBXFileReference; fileEncoding = 4; lastKnownFileType = sourcecode.swift; path = Logger.swift; sourceTree = "<group>"; };
		74F50ECD27383BB60093E44F /* UIDevice + Extension.swift */ = {isa = PBXFileReference; fileEncoding = 4; lastKnownFileType = sourcecode.swift; path = "UIDevice + Extension.swift"; sourceTree = "<group>"; };
		74F50ECF27383BFE0093E44F /* Device.swift */ = {isa = PBXFileReference; fileEncoding = 4; lastKnownFileType = sourcecode.swift; path = Device.swift; sourceTree = "<group>"; };
		7C92B1B3FF1701BE24F9E229 /* Pods-SkyLogger.release.xcconfig */ = {isa = PBXFileReference; includeInIndex = 1; lastKnownFileType = text.xcconfig; name = "Pods-SkyLogger.release.xcconfig"; path = "Target Support Files/Pods-SkyLogger/Pods-SkyLogger.release.xcconfig"; sourceTree = "<group>"; };
		C7DB5B8328C748DB003ADFBE /* Info.plist */ = {isa = PBXFileReference; fileEncoding = 4; lastKnownFileType = text.plist.xml; path = Info.plist; sourceTree = "<group>"; };
		C7DB5B8B28C749AB003ADFBE /* LogDetailViewController.swift */ = {isa = PBXFileReference; fileEncoding = 4; lastKnownFileType = sourcecode.swift; path = LogDetailViewController.swift; sourceTree = "<group>"; };
		C7DB5B8C28C749AB003ADFBE /* LogDetailView.swift */ = {isa = PBXFileReference; fileEncoding = 4; lastKnownFileType = sourcecode.swift; path = LogDetailView.swift; sourceTree = "<group>"; };
		C7DB5B8F28C74DF6003ADFBE /* UILabel + Extension.swift */ = {isa = PBXFileReference; fileEncoding = 4; lastKnownFileType = sourcecode.swift; path = "UILabel + Extension.swift"; sourceTree = "<group>"; };
		C7FC7A9428C7550F00C00F15 /* UINavigationBar + Extension.swift */ = {isa = PBXFileReference; lastKnownFileType = sourcecode.swift; path = "UINavigationBar + Extension.swift"; sourceTree = "<group>"; };
		C7FC7A9828C75B9C00C00F15 /* ThreadSafeArray.swift */ = {isa = PBXFileReference; lastKnownFileType = sourcecode.swift; path = ThreadSafeArray.swift; sourceTree = "<group>"; };
		C7FC7AC328C76C0900C00F15 /* Example.app */ = {isa = PBXFileReference; explicitFileType = wrapper.application; includeInIndex = 0; path = Example.app; sourceTree = BUILT_PRODUCTS_DIR; };
		C7FC7AC528C76C0900C00F15 /* AppDelegate.swift */ = {isa = PBXFileReference; lastKnownFileType = sourcecode.swift; path = AppDelegate.swift; sourceTree = "<group>"; };
		C7FC7AC928C76C0900C00F15 /* ViewController.swift */ = {isa = PBXFileReference; lastKnownFileType = sourcecode.swift; path = ViewController.swift; sourceTree = "<group>"; };
		C7FC7ACC28C76C0900C00F15 /* Base */ = {isa = PBXFileReference; lastKnownFileType = file.storyboard; name = Base; path = Base.lproj/Main.storyboard; sourceTree = "<group>"; };
		C7FC7ACE28C76C0900C00F15 /* Assets.xcassets */ = {isa = PBXFileReference; lastKnownFileType = folder.assetcatalog; path = Assets.xcassets; sourceTree = "<group>"; };
		C7FC7AD128C76C0900C00F15 /* Base */ = {isa = PBXFileReference; lastKnownFileType = file.storyboard; name = Base; path = Base.lproj/LaunchScreen.storyboard; sourceTree = "<group>"; };
		C7FC7AD328C76C0900C00F15 /* Info.plist */ = {isa = PBXFileReference; lastKnownFileType = text.plist.xml; path = Info.plist; sourceTree = "<group>"; };
		C7FC7ADD28C76E5400C00F15 /* Hue.framework */ = {isa = PBXFileReference; explicitFileType = wrapper.framework; path = Hue.framework; sourceTree = BUILT_PRODUCTS_DIR; };
		C7FC7AE028C76E5700C00F15 /* SnapKit.framework */ = {isa = PBXFileReference; explicitFileType = wrapper.framework; path = SnapKit.framework; sourceTree = BUILT_PRODUCTS_DIR; };
		F1B304CE6F72C40385184C83 /* Pods_SkyLogger.framework */ = {isa = PBXFileReference; explicitFileType = wrapper.framework; includeInIndex = 0; path = Pods_SkyLogger.framework; sourceTree = BUILT_PRODUCTS_DIR; };
/* End PBXFileReference section */

/* Begin PBXFrameworksBuildPhase section */
		74F50EBB273824520093E44F /* Frameworks */ = {
			isa = PBXFrameworksBuildPhase;
			buildActionMask = 2147483647;
			files = (
				A883A7E89D6601B0BF68F464 /* Pods_SkyLogger.framework in Frameworks */,
			);
			runOnlyForDeploymentPostprocessing = 0;
		};
		C7FC7AC028C76C0900C00F15 /* Frameworks */ = {
			isa = PBXFrameworksBuildPhase;
			buildActionMask = 2147483647;
			files = (
			);
			runOnlyForDeploymentPostprocessing = 0;
		};
/* End PBXFrameworksBuildPhase section */

/* Begin PBXGroup section */
		4996094CC4A88832CBF3BE65 /* Pods */ = {
			isa = PBXGroup;
			children = (
				448EAA7612CC455D2C06801D /* Pods-SkyLogger.debug.xcconfig */,
				7C92B1B3FF1701BE24F9E229 /* Pods-SkyLogger.release.xcconfig */,
			);
			path = Pods;
			sourceTree = "<group>";
		};
		7458D9D627440F6D00140F57 /* LogList */ = {
			isa = PBXGroup;
			children = (
				7458D9E5274413FF00140F57 /* Views */,
				7458D9D727440F9600140F57 /* LogListViewController.swift */,
				7458D9DB2744100900140F57 /* LogListPresenter.swift */,
				7458D9D927440FA400140F57 /* LogListView.swift */,
			);
			path = LogList;
			sourceTree = "<group>";
		};
		7458D9DD2744101400140F57 /* Device */ = {
			isa = PBXGroup;
			children = (
				74F50ECF27383BFE0093E44F /* Device.swift */,
				74F50ECD27383BB60093E44F /* UIDevice + Extension.swift */,
			);
			path = Device;
			sourceTree = "<group>";
		};
		7458D9DE2744102100140F57 /* Utils */ = {
			isa = PBXGroup;
			children = (
				74CB1D332739BFA100EBD2A4 /* FileManager.swift */,
				7479080A27418EDE0071DE0F /* SkyStringHandler.swift */,
			);
			path = Utils;
			sourceTree = "<group>";
		};
		7458D9DF274411D100140F57 /* Models */ = {
			isa = PBXGroup;
			children = (
				74F22641273983F400A08532 /* Log.swift */,
				7458D9E0274411DB00140F57 /* BaseView.swift */,
				7458D9E32744121D00140F57 /* Customization.swift */,
				74EE13F527454EF8009030E1 /* ResponseData.swift */,
				C7FC7A9828C75B9C00C00F15 /* ThreadSafeArray.swift */,
			);
			path = Models;
			sourceTree = "<group>";
		};
		7458D9E2274411EB00140F57 /* Core */ = {
			isa = PBXGroup;
			children = (
				74F50ECB27383B930093E44F /* Logger.swift */,
			);
			path = Core;
			sourceTree = "<group>";
		};
		7458D9E5274413FF00140F57 /* Views */ = {
			isa = PBXGroup;
			children = (
				7458D9E62744141400140F57 /* LogKindCollectionViewCell.swift */,
				74C0E3642745A19800F54583 /* LogTableViewCell.swift */,
			);
			path = Views;
			sourceTree = "<group>";
		};
		74C0E340274589C400F54583 /* Extensions */ = {
			isa = PBXGroup;
			children = (
				C7DB5B8F28C74DF6003ADFBE /* UILabel + Extension.swift */,
				74C0E33E2745891B00F54583 /* UIFont + Extension.swift */,
				74C0E341274589D500F54583 /* String + Extension.swift */,
				74C0E34327458E7E00F54583 /* Collection + Extension.swift */,
				74C0E3602745960800F54583 /* UIView + Extension.swift */,
				74C0E36E2745A3AF00F54583 /* UIColor + Extension.swift */,
				C7FC7A9428C7550F00C00F15 /* UINavigationBar + Extension.swift */,
			);
			path = Extensions;
			sourceTree = "<group>";
		};
		74C0E3662745A30900F54583 /* Frameworks */ = {
			isa = PBXGroup;
			children = (
				C7FC7AE028C76E5700C00F15 /* SnapKit.framework */,
				C7FC7ADD28C76E5400C00F15 /* Hue.framework */,
				F1B304CE6F72C40385184C83 /* Pods_SkyLogger.framework */,
			);
			name = Frameworks;
			sourceTree = "<group>";
		};
		74F50EB4273824520093E44F = {
			isa = PBXGroup;
			children = (
				74F50EC0273824520093E44F /* SkyLogger */,
				C7FC7AC428C76C0900C00F15 /* Example */,
				74F50EBF273824520093E44F /* Products */,
				74C0E3662745A30900F54583 /* Frameworks */,
				4996094CC4A88832CBF3BE65 /* Pods */,
			);
			sourceTree = "<group>";
		};
		74F50EBF273824520093E44F /* Products */ = {
			isa = PBXGroup;
			children = (
				74F50EBE273824520093E44F /* SkyLogger.framework */,
				C7FC7AC328C76C0900C00F15 /* Example.app */,
			);
			name = Products;
			sourceTree = "<group>";
		};
		74F50EC0273824520093E44F /* SkyLogger */ = {
			isa = PBXGroup;
			children = (
				C7DB5B8328C748DB003ADFBE /* Info.plist */,
				74C0E340274589C400F54583 /* Extensions */,
				7458D9E2274411EB00140F57 /* Core */,
				7458D9DF274411D100140F57 /* Models */,
				C7DB5B8A28C7499B003ADFBE /* LogDetail */,
				7458D9D627440F6D00140F57 /* LogList */,
				7458D9DE2744102100140F57 /* Utils */,
				7458D9DD2744101400140F57 /* Device */,
			);
			path = SkyLogger;
			sourceTree = "<group>";
		};
		C7DB5B8A28C7499B003ADFBE /* LogDetail */ = {
			isa = PBXGroup;
			children = (
				C7DB5B8C28C749AB003ADFBE /* LogDetailView.swift */,
				C7DB5B8B28C749AB003ADFBE /* LogDetailViewController.swift */,
			);
			path = LogDetail;
			sourceTree = "<group>";
		};
		C7FC7AC428C76C0900C00F15 /* Example */ = {
			isa = PBXGroup;
			children = (
				C7FC7AC528C76C0900C00F15 /* AppDelegate.swift */,
				C7FC7AC928C76C0900C00F15 /* ViewController.swift */,
				C7FC7ACB28C76C0900C00F15 /* Main.storyboard */,
				C7FC7ACE28C76C0900C00F15 /* Assets.xcassets */,
				C7FC7AD028C76C0900C00F15 /* LaunchScreen.storyboard */,
				C7FC7AD328C76C0900C00F15 /* Info.plist */,
			);
			path = Example;
			sourceTree = "<group>";
		};
/* End PBXGroup section */

/* Begin PBXHeadersBuildPhase section */
		74F50EB9273824520093E44F /* Headers */ = {
			isa = PBXHeadersBuildPhase;
			buildActionMask = 2147483647;
			files = (
			);
			runOnlyForDeploymentPostprocessing = 0;
		};
/* End PBXHeadersBuildPhase section */

/* Begin PBXNativeTarget section */
		74F50EBD273824520093E44F /* SkyLogger */ = {
			isa = PBXNativeTarget;
			buildConfigurationList = 74F50EC6273824520093E44F /* Build configuration list for PBXNativeTarget "SkyLogger" */;
			buildPhases = (
				0F20EE9BA7AD8B9FAC16E26E /* [CP] Check Pods Manifest.lock */,
				74F50EB9273824520093E44F /* Headers */,
				74F50EBA273824520093E44F /* Sources */,
				74F50EBB273824520093E44F /* Frameworks */,
				74F50EBC273824520093E44F /* Resources */,
				74729A79274699E500A85B07 /* ShellScript */,
			);
			buildRules = (
			);
			dependencies = (
			);
			name = SkyLogger;
			productName = SkyLogger;
			productReference = 74F50EBE273824520093E44F /* SkyLogger.framework */;
			productType = "com.apple.product-type.framework";
		};
		C7FC7AC228C76C0900C00F15 /* Example */ = {
			isa = PBXNativeTarget;
			buildConfigurationList = C7FC7AD628C76C0900C00F15 /* Build configuration list for PBXNativeTarget "Example" */;
			buildPhases = (
				C7FC7ABF28C76C0900C00F15 /* Sources */,
				C7FC7AC028C76C0900C00F15 /* Frameworks */,
				C7FC7AC128C76C0900C00F15 /* Resources */,
			);
			buildRules = (
			);
			dependencies = (
			);
			name = Example;
			productName = Example;
			productReference = C7FC7AC328C76C0900C00F15 /* Example.app */;
			productType = "com.apple.product-type.application";
		};
/* End PBXNativeTarget section */

/* Begin PBXProject section */
		74F50EB5273824520093E44F /* Project object */ = {
			isa = PBXProject;
			attributes = {
				LastSwiftUpdateCheck = 1340;
				LastUpgradeCheck = 1250;
				TargetAttributes = {
					74F50EBD273824520093E44F = {
						CreatedOnToolsVersion = 12.5.1;
						LastSwiftMigration = 1250;
					};
					C7FC7AC228C76C0900C00F15 = {
						CreatedOnToolsVersion = 13.4;
					};
				};
			};
			buildConfigurationList = 74F50EB8273824520093E44F /* Build configuration list for PBXProject "SkyLogger" */;
			compatibilityVersion = "Xcode 9.3";
			developmentRegion = en;
			hasScannedForEncodings = 0;
			knownRegions = (
				en,
				Base,
			);
			mainGroup = 74F50EB4273824520093E44F;
			productRefGroup = 74F50EBF273824520093E44F /* Products */;
			projectDirPath = "";
			projectRoot = "";
			targets = (
				74F50EBD273824520093E44F /* SkyLogger */,
				C7FC7AC228C76C0900C00F15 /* Example */,
			);
		};
/* End PBXProject section */

/* Begin PBXResourcesBuildPhase section */
		74F50EBC273824520093E44F /* Resources */ = {
			isa = PBXResourcesBuildPhase;
			buildActionMask = 2147483647;
			files = (
			);
			runOnlyForDeploymentPostprocessing = 0;
		};
		C7FC7AC128C76C0900C00F15 /* Resources */ = {
			isa = PBXResourcesBuildPhase;
			buildActionMask = 2147483647;
			files = (
				C7FC7AD228C76C0900C00F15 /* LaunchScreen.storyboard in Resources */,
				C7FC7ACF28C76C0900C00F15 /* Assets.xcassets in Resources */,
				C7FC7ACD28C76C0900C00F15 /* Main.storyboard in Resources */,
			);
			runOnlyForDeploymentPostprocessing = 0;
		};
/* End PBXResourcesBuildPhase section */

/* Begin PBXShellScriptBuildPhase section */
		0F20EE9BA7AD8B9FAC16E26E /* [CP] Check Pods Manifest.lock */ = {
			isa = PBXShellScriptBuildPhase;
			buildActionMask = 2147483647;
			files = (
			);
			inputFileListPaths = (
			);
			inputPaths = (
				"${PODS_PODFILE_DIR_PATH}/Podfile.lock",
				"${PODS_ROOT}/Manifest.lock",
			);
			name = "[CP] Check Pods Manifest.lock";
			outputFileListPaths = (
			);
			outputPaths = (
				"$(DERIVED_FILE_DIR)/Pods-SkyLogger-checkManifestLockResult.txt",
			);
			runOnlyForDeploymentPostprocessing = 0;
			shellPath = /bin/sh;
			shellScript = "diff \"${PODS_PODFILE_DIR_PATH}/Podfile.lock\" \"${PODS_ROOT}/Manifest.lock\" > /dev/null\nif [ $? != 0 ] ; then\n    # print error to STDERR\n    echo \"error: The sandbox is not in sync with the Podfile.lock. Run 'pod install' or update your CocoaPods installation.\" >&2\n    exit 1\nfi\n# This output is used by Xcode 'outputs' to avoid re-running this script phase.\necho \"SUCCESS\" > \"${SCRIPT_OUTPUT_FILE_0}\"\n";
			showEnvVarsInLog = 0;
		};
		74729A79274699E500A85B07 /* ShellScript */ = {
			isa = PBXShellScriptBuildPhase;
			buildActionMask = 2147483647;
			files = (
			);
			inputFileListPaths = (
			);
			inputPaths = (
			);
			outputFileListPaths = (
			);
			outputPaths = (
			);
			runOnlyForDeploymentPostprocessing = 0;
			shellPath = /bin/sh;
			shellScript = "cd \"${CONFIGURATION_BUILD_DIR}/${UNLOCALIZED_RESOURCES_FOLDER_PATH}/\"\nif [[ -d \"Frameworks\" ]]; then \n    rm -fr Frameworks\nfi\n";
		};
/* End PBXShellScriptBuildPhase section */

/* Begin PBXSourcesBuildPhase section */
		74F50EBA273824520093E44F /* Sources */ = {
			isa = PBXSourcesBuildPhase;
			buildActionMask = 2147483647;
			files = (
				74CB1D342739BFA100EBD2A4 /* FileManager.swift in Sources */,
				C7DB5B8D28C749AB003ADFBE /* LogDetailViewController.swift in Sources */,
				C7DB5B8E28C749AB003ADFBE /* LogDetailView.swift in Sources */,
				74C0E3652745A19800F54583 /* LogTableViewCell.swift in Sources */,
				7479080B27418EDE0071DE0F /* SkyStringHandler.swift in Sources */,
				74C0E342274589D500F54583 /* String + Extension.swift in Sources */,
				74F50ED027383BFE0093E44F /* Device.swift in Sources */,
				7458D9DC2744100900140F57 /* LogListPresenter.swift in Sources */,
				74F50ECC27383B930093E44F /* Logger.swift in Sources */,
				74F22642273983F400A08532 /* Log.swift in Sources */,
				C7DB5B9028C74DF6003ADFBE /* UILabel + Extension.swift in Sources */,
				7458D9E42744121D00140F57 /* Customization.swift in Sources */,
				C7FC7A9528C7550F00C00F15 /* UINavigationBar + Extension.swift in Sources */,
				74C0E36F2745A3AF00F54583 /* UIColor + Extension.swift in Sources */,
				74C0E3612745960800F54583 /* UIView + Extension.swift in Sources */,
				7458D9DA27440FA400140F57 /* LogListView.swift in Sources */,
				7458D9E1274411DB00140F57 /* BaseView.swift in Sources */,
				7458D9E72744141400140F57 /* LogKindCollectionViewCell.swift in Sources */,
				74C0E34427458E7E00F54583 /* Collection + Extension.swift in Sources */,
				74EE13F627454EF8009030E1 /* ResponseData.swift in Sources */,
				7458D9D827440F9600140F57 /* LogListViewController.swift in Sources */,
				74C0E33F2745891B00F54583 /* UIFont + Extension.swift in Sources */,
				C7FC7A9928C75B9C00C00F15 /* ThreadSafeArray.swift in Sources */,
				74F50ECE27383BB60093E44F /* UIDevice + Extension.swift in Sources */,
			);
			runOnlyForDeploymentPostprocessing = 0;
		};
		C7FC7ABF28C76C0900C00F15 /* Sources */ = {
			isa = PBXSourcesBuildPhase;
			buildActionMask = 2147483647;
			files = (
				C7FC7ACA28C76C0900C00F15 /* ViewController.swift in Sources */,
				C7FC7AC628C76C0900C00F15 /* AppDelegate.swift in Sources */,
			);
			runOnlyForDeploymentPostprocessing = 0;
		};
/* End PBXSourcesBuildPhase section */

/* Begin PBXVariantGroup section */
		C7FC7ACB28C76C0900C00F15 /* Main.storyboard */ = {
			isa = PBXVariantGroup;
			children = (
				C7FC7ACC28C76C0900C00F15 /* Base */,
			);
			name = Main.storyboard;
			sourceTree = "<group>";
		};
		C7FC7AD028C76C0900C00F15 /* LaunchScreen.storyboard */ = {
			isa = PBXVariantGroup;
			children = (
				C7FC7AD128C76C0900C00F15 /* Base */,
			);
			name = LaunchScreen.storyboard;
			sourceTree = "<group>";
		};
/* End PBXVariantGroup section */

/* Begin XCBuildConfiguration section */
		74F50EC4273824520093E44F /* Debug */ = {
			isa = XCBuildConfiguration;
			buildSettings = {
				ALWAYS_SEARCH_USER_PATHS = NO;
				CLANG_ANALYZER_NONNULL = YES;
				CLANG_ANALYZER_NUMBER_OBJECT_CONVERSION = YES_AGGRESSIVE;
				CLANG_CXX_LANGUAGE_STANDARD = "gnu++14";
				CLANG_CXX_LIBRARY = "libc++";
				CLANG_ENABLE_MODULES = YES;
				CLANG_ENABLE_OBJC_ARC = YES;
				CLANG_ENABLE_OBJC_WEAK = YES;
				CLANG_WARN_BLOCK_CAPTURE_AUTORELEASING = YES;
				CLANG_WARN_BOOL_CONVERSION = YES;
				CLANG_WARN_COMMA = YES;
				CLANG_WARN_CONSTANT_CONVERSION = YES;
				CLANG_WARN_DEPRECATED_OBJC_IMPLEMENTATIONS = YES;
				CLANG_WARN_DIRECT_OBJC_ISA_USAGE = YES_ERROR;
				CLANG_WARN_DOCUMENTATION_COMMENTS = YES;
				CLANG_WARN_EMPTY_BODY = YES;
				CLANG_WARN_ENUM_CONVERSION = YES;
				CLANG_WARN_INFINITE_RECURSION = YES;
				CLANG_WARN_INT_CONVERSION = YES;
				CLANG_WARN_NON_LITERAL_NULL_CONVERSION = YES;
				CLANG_WARN_OBJC_IMPLICIT_RETAIN_SELF = YES;
				CLANG_WARN_OBJC_LITERAL_CONVERSION = YES;
				CLANG_WARN_OBJC_ROOT_CLASS = YES_ERROR;
				CLANG_WARN_QUOTED_INCLUDE_IN_FRAMEWORK_HEADER = YES;
				CLANG_WARN_RANGE_LOOP_ANALYSIS = YES;
				CLANG_WARN_STRICT_PROTOTYPES = YES;
				CLANG_WARN_SUSPICIOUS_MOVE = YES;
				CLANG_WARN_UNGUARDED_AVAILABILITY = YES_AGGRESSIVE;
				CLANG_WARN_UNREACHABLE_CODE = YES;
				CLANG_WARN__DUPLICATE_METHOD_MATCH = YES;
				COPY_PHASE_STRIP = NO;
				CURRENT_PROJECT_VERSION = 1;
				DEBUG_INFORMATION_FORMAT = dwarf;
				ENABLE_STRICT_OBJC_MSGSEND = YES;
				ENABLE_TESTABILITY = YES;
				GCC_C_LANGUAGE_STANDARD = gnu11;
				GCC_DYNAMIC_NO_PIC = NO;
				GCC_NO_COMMON_BLOCKS = YES;
				GCC_OPTIMIZATION_LEVEL = 0;
				GCC_PREPROCESSOR_DEFINITIONS = (
					"DEBUG=1",
					"$(inherited)",
				);
				GCC_WARN_64_TO_32_BIT_CONVERSION = YES;
				GCC_WARN_ABOUT_RETURN_TYPE = YES_ERROR;
				GCC_WARN_UNDECLARED_SELECTOR = YES;
				GCC_WARN_UNINITIALIZED_AUTOS = YES_AGGRESSIVE;
				GCC_WARN_UNUSED_FUNCTION = YES;
				GCC_WARN_UNUSED_VARIABLE = YES;
				IPHONEOS_DEPLOYMENT_TARGET = 11.0;
				MTL_ENABLE_DEBUG_INFO = INCLUDE_SOURCE;
				MTL_FAST_MATH = YES;
				ONLY_ACTIVE_ARCH = YES;
				SDKROOT = iphoneos;
				SWIFT_ACTIVE_COMPILATION_CONDITIONS = DEBUG;
				SWIFT_OPTIMIZATION_LEVEL = "-Onone";
				VERSIONING_SYSTEM = "apple-generic";
				VERSION_INFO_PREFIX = "";
			};
			name = Debug;
		};
		74F50EC5273824520093E44F /* Release */ = {
			isa = XCBuildConfiguration;
			buildSettings = {
				ALWAYS_SEARCH_USER_PATHS = NO;
				CLANG_ANALYZER_NONNULL = YES;
				CLANG_ANALYZER_NUMBER_OBJECT_CONVERSION = YES_AGGRESSIVE;
				CLANG_CXX_LANGUAGE_STANDARD = "gnu++14";
				CLANG_CXX_LIBRARY = "libc++";
				CLANG_ENABLE_MODULES = YES;
				CLANG_ENABLE_OBJC_ARC = YES;
				CLANG_ENABLE_OBJC_WEAK = YES;
				CLANG_WARN_BLOCK_CAPTURE_AUTORELEASING = YES;
				CLANG_WARN_BOOL_CONVERSION = YES;
				CLANG_WARN_COMMA = YES;
				CLANG_WARN_CONSTANT_CONVERSION = YES;
				CLANG_WARN_DEPRECATED_OBJC_IMPLEMENTATIONS = YES;
				CLANG_WARN_DIRECT_OBJC_ISA_USAGE = YES_ERROR;
				CLANG_WARN_DOCUMENTATION_COMMENTS = YES;
				CLANG_WARN_EMPTY_BODY = YES;
				CLANG_WARN_ENUM_CONVERSION = YES;
				CLANG_WARN_INFINITE_RECURSION = YES;
				CLANG_WARN_INT_CONVERSION = YES;
				CLANG_WARN_NON_LITERAL_NULL_CONVERSION = YES;
				CLANG_WARN_OBJC_IMPLICIT_RETAIN_SELF = YES;
				CLANG_WARN_OBJC_LITERAL_CONVERSION = YES;
				CLANG_WARN_OBJC_ROOT_CLASS = YES_ERROR;
				CLANG_WARN_QUOTED_INCLUDE_IN_FRAMEWORK_HEADER = YES;
				CLANG_WARN_RANGE_LOOP_ANALYSIS = YES;
				CLANG_WARN_STRICT_PROTOTYPES = YES;
				CLANG_WARN_SUSPICIOUS_MOVE = YES;
				CLANG_WARN_UNGUARDED_AVAILABILITY = YES_AGGRESSIVE;
				CLANG_WARN_UNREACHABLE_CODE = YES;
				CLANG_WARN__DUPLICATE_METHOD_MATCH = YES;
				COPY_PHASE_STRIP = NO;
				CURRENT_PROJECT_VERSION = 1;
				DEBUG_INFORMATION_FORMAT = "dwarf-with-dsym";
				ENABLE_NS_ASSERTIONS = NO;
				ENABLE_STRICT_OBJC_MSGSEND = YES;
				GCC_C_LANGUAGE_STANDARD = gnu11;
				GCC_NO_COMMON_BLOCKS = YES;
				GCC_WARN_64_TO_32_BIT_CONVERSION = YES;
				GCC_WARN_ABOUT_RETURN_TYPE = YES_ERROR;
				GCC_WARN_UNDECLARED_SELECTOR = YES;
				GCC_WARN_UNINITIALIZED_AUTOS = YES_AGGRESSIVE;
				GCC_WARN_UNUSED_FUNCTION = YES;
				GCC_WARN_UNUSED_VARIABLE = YES;
				IPHONEOS_DEPLOYMENT_TARGET = 11.0;
				MTL_ENABLE_DEBUG_INFO = NO;
				MTL_FAST_MATH = YES;
				SDKROOT = iphoneos;
				SWIFT_COMPILATION_MODE = wholemodule;
				SWIFT_OPTIMIZATION_LEVEL = "-O";
				VALIDATE_PRODUCT = YES;
				VERSIONING_SYSTEM = "apple-generic";
				VERSION_INFO_PREFIX = "";
			};
			name = Release;
		};
		74F50EC7273824520093E44F /* Debug */ = {
			isa = XCBuildConfiguration;
			baseConfigurationReference = 448EAA7612CC455D2C06801D /* Pods-SkyLogger.debug.xcconfig */;
			buildSettings = {
				CLANG_ENABLE_MODULES = YES;
				CODE_SIGN_STYLE = Automatic;
				DEFINES_MODULE = YES;
				DEVELOPMENT_TEAM = MRQSPD92ZW;
				DYLIB_COMPATIBILITY_VERSION = 1;
				DYLIB_CURRENT_VERSION = 1;
				DYLIB_INSTALL_NAME_BASE = "@rpath";
				INFOPLIST_FILE = SkyLogger/Info.plist;
				INSTALL_PATH = "$(LOCAL_LIBRARY_DIR)/Frameworks";
				LD_RUNPATH_SEARCH_PATHS = (
					"$(inherited)",
					"@executable_path/Frameworks",
					"@loader_path/Frameworks",
				);
				PRODUCT_BUNDLE_IDENTIFIER = alisher.khalykbayev.SkyLogger;
				PRODUCT_NAME = "$(TARGET_NAME:c99extidentifier)";
				SKIP_INSTALL = YES;
				SUPPORTS_MACCATALYST = NO;
				SWIFT_OPTIMIZATION_LEVEL = "-Onone";
				SWIFT_VERSION = 5.0;
				TARGETED_DEVICE_FAMILY = 1;
			};
			name = Debug;
		};
		74F50EC8273824520093E44F /* Release */ = {
			isa = XCBuildConfiguration;
			baseConfigurationReference = 7C92B1B3FF1701BE24F9E229 /* Pods-SkyLogger.release.xcconfig */;
			buildSettings = {
				CLANG_ENABLE_MODULES = YES;
				CODE_SIGN_STYLE = Automatic;
				DEFINES_MODULE = YES;
				DEVELOPMENT_TEAM = MRQSPD92ZW;
				DYLIB_COMPATIBILITY_VERSION = 1;
				DYLIB_CURRENT_VERSION = 1;
				DYLIB_INSTALL_NAME_BASE = "@rpath";
				INFOPLIST_FILE = SkyLogger/Info.plist;
				INSTALL_PATH = "$(LOCAL_LIBRARY_DIR)/Frameworks";
				LD_RUNPATH_SEARCH_PATHS = (
					"$(inherited)",
					"@executable_path/Frameworks",
					"@loader_path/Frameworks",
				);
				PRODUCT_BUNDLE_IDENTIFIER = alisher.khalykbayev.SkyLogger;
				PRODUCT_NAME = "$(TARGET_NAME:c99extidentifier)";
				SKIP_INSTALL = YES;
				SUPPORTS_MACCATALYST = NO;
				SWIFT_VERSION = 5.0;
				TARGETED_DEVICE_FAMILY = 1;
			};
			name = Release;
		};
		C7FC7AD428C76C0900C00F15 /* Debug */ = {
			isa = XCBuildConfiguration;
			buildSettings = {
				ASSETCATALOG_COMPILER_APPICON_NAME = AppIcon;
				ASSETCATALOG_COMPILER_GLOBAL_ACCENT_COLOR_NAME = AccentColor;
				CLANG_CXX_LANGUAGE_STANDARD = "gnu++17";
				CODE_SIGN_STYLE = Automatic;
				CURRENT_PROJECT_VERSION = 1;
				DEVELOPMENT_TEAM = MRQSPD92ZW;
				GENERATE_INFOPLIST_FILE = YES;
				INFOPLIST_FILE = Example/Info.plist;
				INFOPLIST_KEY_UIApplicationSupportsIndirectInputEvents = YES;
				INFOPLIST_KEY_UILaunchStoryboardName = LaunchScreen;
				INFOPLIST_KEY_UIMainStoryboardFile = Main;
				INFOPLIST_KEY_UISupportedInterfaceOrientations_iPad = "UIInterfaceOrientationPortrait UIInterfaceOrientationPortraitUpsideDown UIInterfaceOrientationLandscapeLeft UIInterfaceOrientationLandscapeRight";
				INFOPLIST_KEY_UISupportedInterfaceOrientations_iPhone = "UIInterfaceOrientationPortrait UIInterfaceOrientationLandscapeLeft UIInterfaceOrientationLandscapeRight";
				IPHONEOS_DEPLOYMENT_TARGET = 15.5;
				LD_RUNPATH_SEARCH_PATHS = (
					"$(inherited)",
					"@executable_path/Frameworks",
				);
				MARKETING_VERSION = 1.0;
				PRODUCT_BUNDLE_IDENTIFIER = alisher.khalykbayev.Example;
				PRODUCT_NAME = "$(TARGET_NAME)";
				SWIFT_EMIT_LOC_STRINGS = YES;
				SWIFT_VERSION = 5.0;
				TARGETED_DEVICE_FAMILY = "1,2";
			};
			name = Debug;
		};
		C7FC7AD528C76C0900C00F15 /* Release */ = {
			isa = XCBuildConfiguration;
			buildSettings = {
				ASSETCATALOG_COMPILER_APPICON_NAME = AppIcon;
				ASSETCATALOG_COMPILER_GLOBAL_ACCENT_COLOR_NAME = AccentColor;
				CLANG_CXX_LANGUAGE_STANDARD = "gnu++17";
				CODE_SIGN_STYLE = Automatic;
				CURRENT_PROJECT_VERSION = 1;
				DEVELOPMENT_TEAM = MRQSPD92ZW;
				GENERATE_INFOPLIST_FILE = YES;
				INFOPLIST_FILE = Example/Info.plist;
				INFOPLIST_KEY_UIApplicationSupportsIndirectInputEvents = YES;
				INFOPLIST_KEY_UILaunchStoryboardName = LaunchScreen;
				INFOPLIST_KEY_UIMainStoryboardFile = Main;
				INFOPLIST_KEY_UISupportedInterfaceOrientations_iPad = "UIInterfaceOrientationPortrait UIInterfaceOrientationPortraitUpsideDown UIInterfaceOrientationLandscapeLeft UIInterfaceOrientationLandscapeRight";
				INFOPLIST_KEY_UISupportedInterfaceOrientations_iPhone = "UIInterfaceOrientationPortrait UIInterfaceOrientationLandscapeLeft UIInterfaceOrientationLandscapeRight";
				IPHONEOS_DEPLOYMENT_TARGET = 15.5;
				LD_RUNPATH_SEARCH_PATHS = (
					"$(inherited)",
					"@executable_path/Frameworks",
				);
				MARKETING_VERSION = 1.0;
				PRODUCT_BUNDLE_IDENTIFIER = alisher.khalykbayev.Example;
				PRODUCT_NAME = "$(TARGET_NAME)";
				SWIFT_EMIT_LOC_STRINGS = YES;
				SWIFT_VERSION = 5.0;
				TARGETED_DEVICE_FAMILY = "1,2";
			};
			name = Release;
		};
/* End XCBuildConfiguration section */

/* Begin XCConfigurationList section */
		74F50EB8273824520093E44F /* Build configuration list for PBXProject "SkyLogger" */ = {
			isa = XCConfigurationList;
			buildConfigurations = (
				74F50EC4273824520093E44F /* Debug */,
				74F50EC5273824520093E44F /* Release */,
			);
			defaultConfigurationIsVisible = 0;
			defaultConfigurationName = Release;
		};
		74F50EC6273824520093E44F /* Build configuration list for PBXNativeTarget "SkyLogger" */ = {
			isa = XCConfigurationList;
			buildConfigurations = (
				74F50EC7273824520093E44F /* Debug */,
				74F50EC8273824520093E44F /* Release */,
			);
			defaultConfigurationIsVisible = 0;
			defaultConfigurationName = Release;
		};
		C7FC7AD628C76C0900C00F15 /* Build configuration list for PBXNativeTarget "Example" */ = {
			isa = XCConfigurationList;
			buildConfigurations = (
				C7FC7AD428C76C0900C00F15 /* Debug */,
				C7FC7AD528C76C0900C00F15 /* Release */,
			);
			defaultConfigurationIsVisible = 0;
			defaultConfigurationName = Release;
		};
/* End XCConfigurationList section */
	};
	rootObject = 74F50EB5273824520093E44F /* Project object */;
}
